version = 1

[[package]]
name = "rss-test-runner"
version = "0.1.0"
source = "path+rss/test-runner"
checksum = "sha256:a24e5c08e3491266945a5ccc282d7afe9fcd9a1bff922009c0c9ed2a4888df41"
interface_hash = "sha256:3281e549229a291481c7a385d8d248a6a64d1a8724d151bc06f1f9298daf42ed"
review_hash = "sha256:455d894623f2a3fb67e9aa63ab7ea33cc1ce047c9387bbdcdfb706b4fac11ec7"
features = []

[metadata]
rss_version = "0.1.0"
created_by = "rsscript pkg lock"
