version = 1

[[package]]
name = "rss-sqlx-ffi"
version = "0.1.0"
source = "path+packages/adapters/sqlx-ffi"
checksum = "sha256:4d0b80b1648df39a3c89b3a629edbe2b6862e93a85eb0565995e9a8437b137d1"
interface_hash = "sha256:8fbb323b394781fafeb7cada8417a9cf42fb902b5c2b47d0cf5a5fd85a710759"
review_hash = "sha256:b0e7af5b02a4bb5fc24f301dabe284e0da7ff38aacc0d7d94ac3cbf122b540a1"
native_hash = "sha256:6d45da9310ecde2ecd7579f276a6b0fae10dcc0f047dc405d022092ea0b0b40a"
features = []

[metadata]
rss_version = "0.1.0"
created_by = "rsscript pkg"
