version = 1

[[package]]
name = "rss-sqlite"
version = "0.1.0"
source = "path+packages/adapters/sqlite"
checksum = "sha256:900658a71b9fa6d9315314df02ab09d842c604172f971469e7b32e9c87ce099f"
interface_hash = "sha256:a6c0b50fe7b16470b39d3a7e1bd44dd1a0ba7ae0598a3479f30e06fd592acc33"
review_hash = "sha256:799b6433f6b3a8f32f9407478f60f4d35f00f9dc4e2444da637ae9546143e96e"
native_hash = "sha256:61dc8e00d2c22d10d8b4cf7e644b0e02c0528a0fb52eeab0fc4a2b491ef0eb71"
features = []

[metadata]
rss_version = "0.1.0"
created_by = "rsscript pkg"
