version = 1

[[package]]
name = "rss-async"
version = "0.1.0"
source = "path+rss/async"
checksum = "sha256:8d4e419f18940c8bc9fa9fcddab94241a5a06bee9ae0227c942ca89df2716811"
interface_hash = "sha256:af950044537870ee454b4541da58c1bc27ea48f73fa17a4271eb5ed30b272997"
review_hash = "sha256:b08a1b208760e87daa873b49d53dc3963173c8bd3f3eadf55818c2378d7f6677"
features = []

[metadata]
rss_version = "0.1.0"
created_by = "rsscript pkg"
