version = 1

[[package]]
name = "rss-sqlx-ffi"
version = "0.1.0"
source = "path+rss/adapters/sqlx-ffi"
checksum = "sha256:b6f890ef0dfed98c37d0f5f64d1a1b5ce43aed60d0d77ce61fb74d0de2fb15e5"
interface_hash = "sha256:278dfc8763d620a3c4a603928b975ddcb919084e10dd6cf1550fc8dfdea031a8"
review_hash = "sha256:ca9b92941dfbef01726c9a226aafed6e427f231c78bd961d7bd673d4fb731641"
native_hash = "sha256:cf27173db6eb3ef1b1f3d567d050c35376c320a3334d267c6c5442d37ae557c7"
features = []

[metadata]
rss_version = "0.1.0"
created_by = "rsscript pkg"
