version = 1

[[package]]
name = "rss-sqlx"
version = "0.1.0"
source = "path+packages/adapters/sqlx"
checksum = "sha256:afc0660903f7e1c74ecd7b64eedf67b6feb4f4c0309935f05e1981373f1d0bf5"
interface_hash = "sha256:3106f3eead06cb33cedc7e0b09d881d37017d42756d0264b5db88ba09119ca96"
review_hash = "sha256:f2a175a91262d9f6db53d7a6c9568abc906db398cc50df0382ff51ca0f130fa8"
features = []

[[package]]
name = "rss-sqlx-ffi"
version = "0.1.0"
source = "path+packages/adapters/sqlx-ffi"
checksum = "sha256:a7d5d2bdeca25d4f02745ceb9acc9a5b75696a22e21aa29dd7fe320e883c485d"
interface_hash = "sha256:8fbb323b394781fafeb7cada8417a9cf42fb902b5c2b47d0cf5a5fd85a710759"
review_hash = "sha256:b0e7af5b02a4bb5fc24f301dabe284e0da7ff38aacc0d7d94ac3cbf122b540a1"
native_hash = "sha256:d2f433140fc019a58130cb8c889a68b05e6cd668790ac2029e4c81fd9611b4db"
features = []

[metadata]
rss_version = "0.1.0"
created_by = "rsscript pkg"
