version = 1

[[package]]
name = "rss-sqlx"
version = "0.1.0"
source = "path+rss/adapters/sqlx"
checksum = "sha256:dce3642d7461d50578ff50f2a3acdbbf5c2025f8b2d6469fd4e2a6da4ce7afd6"
interface_hash = "sha256:935904192acaccbdc3c64aa474b2c1e1b4677d848f09f3597e94b70f97de8ddd"
review_hash = "sha256:ae684210751824572f7578671d909d4660229eac2f548c542d17474fac246ae9"
features = []

[[package]]
name = "rss-sqlx-ffi"
version = "0.1.0"
source = "path+rss/adapters/sqlx-ffi"
checksum = "sha256:31b05836ca997d6d6a4e4450376378aab2aa5cbf95f6bc0b77c207c9f8306892"
interface_hash = "sha256:278dfc8763d620a3c4a603928b975ddcb919084e10dd6cf1550fc8dfdea031a8"
review_hash = "sha256:3e59f928a567d7f308de84cf5b683893564ada9e3c282b989fc2fe9d6f7f9424"
native_hash = "sha256:1f1a996dc8fe1c4d54f1faf7bd1e2d728221ea102f7a55130a949a7b731e22ba"
features = []

[metadata]
rss_version = "0.1.0"
created_by = "rsscript pkg"
