version = 1

[[package]]
name = "rss-rayon"
version = "0.1.0"
source = "path+rss/rayon"
checksum = "sha256:0e3a1414676fa558d1aebbb86a7e2aabccb9569777df4190f178f074efc5e8ee"
interface_hash = "sha256:68c0144670f889ccf4872a8cf385d7c4c6c305f9ea1d5a54c4ddfbcd3ef94dea"
review_hash = "sha256:9ffed2899d2fa0eaf3c1a697d873eeabe3885484e0c86998d29e80017156c395"
native_hash = "sha256:c8523588f9ac3cc5ea1421a935ff105060cddebb57de56697f17aecb39fc4cb9"
features = []

[metadata]
rss_version = "0.1.0"
created_by = "rsscript pkg lock"
