version = 1

[[package]]
name = "rss-code-agent"
version = "0.1.0"
source = "path+examples/packages/code-agent"
checksum = "sha256:502d588e3321f76f2cdee4e4912288f0a73a4fc5f9861a63409db7af9bc561a9"
interface_hash = "sha256:36e6897d97ac40f70744171504605f1905c435cb09b5957a6dbd3b3f47852a13"
review_hash = "sha256:8c3408f14175c0777b2c97abf301eb00c4f5d56bc5aa877faacec26e05a4899d"
features = []

[metadata]
rss_version = "0.1.0"
created_by = "rsscript pkg"
