version = 1

[[package]]
name = "rss-code-agent"
version = "0.1.0"
source = "path+examples/packages/code-agent"
checksum = "sha256:2788052d04878754c068fdc42a5f42abd81a0f64dd15c2338f07f903d7ddd317"
interface_hash = "sha256:36e6897d97ac40f70744171504605f1905c435cb09b5957a6dbd3b3f47852a13"
review_hash = "sha256:a10cacd9b62da44aca97744cd8e2c5ccaa6ce502ed89807687a2479b5c284b1e"
features = []

[[package]]
name = "rss-agent"
version = "0.1.0"
source = "path+rss/agent"
checksum = "sha256:17e60777f0f4340b6cbc170e51cec839b715581662c15e53d3f276957e9935e2"
interface_hash = "sha256:7cda33905aaa0464b192f6ab1db1bf295a9463877efa88d2370c80e40e559d16"
review_hash = "sha256:11e8f031906e747a1d003b9d5a0586e0648dda0af8148eae7b1ff6a1a90dcd0a"
features = []

[[package]]
name = "rss-agent-tools"
version = "0.1.0"
source = "path+rss/agent-tools"
checksum = "sha256:1cafd9610651b4780b2d45f1b0c8bd777cb96d04fd44b0f563df3b7057122321"
interface_hash = "sha256:65d23c1a9eb41214a475c5fec5c608655259ce504812c3950b5c1059374d46fb"
review_hash = "sha256:1617a0c69cad7cf7548ed49562d25b4abb18056a5c882307eb08e02ccae29cfd"
features = []

[[package]]
name = "rss-async"
version = "0.1.0"
source = "path+rss/async"
checksum = "sha256:f914a2d48f62d3e5d75a4c38464121a1083ee010d601dfbf73115583e3368c9c"
interface_hash = "sha256:3b8cb6475d2dc480c4c0372183e1f6810521377170a00b2269e5d7a3d8a6969c"
review_hash = "sha256:8f752099ba99c720c8058d569cc3b660dedaf1c21ec2a585ae0e6a2657edfe16"
features = []

[[package]]
name = "rss-async-runtime"
version = "0.1.0"
source = "path+rss/async-runtime"
checksum = "sha256:ef2db23f07d3b0d04a351db0503214732227add443067bff3c3b6355bb2cb7b9"
interface_hash = "sha256:36e6897d97ac40f70744171504605f1905c435cb09b5957a6dbd3b3f47852a13"
review_hash = "sha256:bbd78c597740f5e9eb2c0ba82244e8d9ce9ef5e1522131eeb3e4efd1a541cc59"
features = []

[[package]]
name = "rss-chat-completions"
version = "0.1.0"
source = "path+rss/chat-completions"
checksum = "sha256:81e2795715fab39d6de89715ca6bf03579554742bb7a07b9c70493fc10449ee2"
interface_hash = "sha256:a9b13f9a056d1dbb90d9ed3b7e45797eb28806843ba5fc5f4467eb59d4748b4c"
review_hash = "sha256:7a5df14deccde0abb08388fa79772f47df93e9517d6d290eae0f81e86c17003a"
features = []

[metadata]
rss_version = "0.1.0"
created_by = "rsscript pkg"
