version = 1

[[package]]
name = "rss-quickcheck"
version = "0.1.0"
source = "path+packages/quickcheck"
checksum = "sha256:44b45bc634dc1e12175462e896fbf77b25b4500ab813aea220fb3c526d16962d"
interface_hash = "sha256:cbf09faaf0f68c9e461d5a6b3d4798be4fdc40512d5313aeee0b897822081e1e"
review_hash = "sha256:befe1b5705d6651c43a4d6995e31dc274f3f32191c64a6a3ad1b377d10085668"
features = []

[metadata]
rss_version = "0.1.0"
created_by = "rsscript pkg"
