version = 1

[[package]]
name = "rss-async-runtime"
version = "0.1.0"
source = "path+packages/async-runtime"
checksum = "sha256:2d5e9b5ef2ee81e6f42c8d02f0e5a75882ef137f283583780978f0e416b26c2b"
interface_hash = "sha256:36e6897d97ac40f70744171504605f1905c435cb09b5957a6dbd3b3f47852a13"
review_hash = "sha256:a101f8dfa9d6a0792af221c7c43dc7ee828a40e49b92022d2db83057ca29eb4c"
features = []

[metadata]
rss_version = "0.1.0"
created_by = "rsscript pkg"
