version = 1

[[package]]
name = "rss-core-http-server"
version = "0.1.0"
source = "path+rss/core/http-server"
checksum = "sha256:3ebc663f710ccdcdf2bf07c645d1e00facef74c0bd667ef3a520504744ef1585"
interface_hash = "sha256:2ed018b976ef74c33e0b0c530c969c742d15d6b4f23a38eaa740c2dbbb25623b"
review_hash = "sha256:d0c235a8aa8e688b9a5bd85b4a0b0060f6eeb879c14f8ea70a92ca19cb0e503f"
native_hash = "sha256:d9fa348ab6ec37f1aad0217bd8ad369f42be38bf73b38bc995b465c0c619f547"
features = []

[metadata]
rss_version = "0.1.0"
created_by = "rsscript pkg"
