version = 1

[[package]]
name = "demo-data"
version = "0.1.0"
source = "path+/home/zoe/rsscript/examples/capability-review-demo/after"
checksum = "sha256:d74d501be9424ec88542aa3f8953f75584daccc6d9c129b5c7b11ba6ee83fbe3"
interface_hash = "sha256:b49dec33ac76da2d5c55e0a2d88ba15aad109f9e8913ab706bd563576005e081"
review_hash = "sha256:b32a6eb3737dc648c08d0d266e3cff328d68b96bfb9ebe4038a899d664c02bf4"
native_hash = "sha256:d5f380acc9156f69ad7ca97a912c63ea1be18c3b0ca7355ed5357807ee2fafbb"
features = []

[metadata]
rss_version = "0.1.0"
created_by = "rsscript pkg"
