version = 1

[[package]]
name = "rss-code-agent"
version = "0.1.0"
source = "path+examples/code-agent"
checksum = "sha256:81e0dc2d62797b630bee71682c157a979abbea854e5da38179fbc9ac222dde74"
interface_hash = "sha256:36e6897d97ac40f70744171504605f1905c435cb09b5957a6dbd3b3f47852a13"
review_hash = "sha256:066e97267b6f284ddb97fca182ea5f66014a0dc32ff770fe167edd763eeeab0c"
features = []

[metadata]
rss_version = "0.1.0"
created_by = "rsscript pkg lock"
