version = 1

[[package]]
name = "rss-code-agent"
version = "0.1.0"
source = "path+examples/code-agent"
checksum = "sha256:52f9d936a26f85c60d1fc278b6aa295f5bf736b00a6eb5563486c47eb721cf29"
interface_hash = "sha256:36e6897d97ac40f70744171504605f1905c435cb09b5957a6dbd3b3f47852a13"
review_hash = "sha256:8c3408f14175c0777b2c97abf301eb00c4f5d56bc5aa877faacec26e05a4899d"
features = []

[metadata]
rss_version = "0.1.0"
created_by = "rsscript pkg lock"
