version = 1

[[package]]
name = "rss-test-runner"
version = "0.1.0"
source = "path+packages/test-runner"
checksum = "sha256:34c961bb3b0dec7163f9d9110dfefe8761e37f3c807eac81ed72e04d2ceee5c5"
interface_hash = "sha256:3281e549229a291481c7a385d8d248a6a64d1a8724d151bc06f1f9298daf42ed"
review_hash = "sha256:336fc125ba103f2288140f8ccc188108ee9ffc96888e62558a4085611e858f60"
features = []

[metadata]
rss_version = "0.1.0"
created_by = "rsscript pkg"
