version = 1

[[package]]
name = "rss-async"
version = "0.1.0"
source = "path+packages/async"
checksum = "sha256:e83535963f901a89abdad51f2a73da6634cad36fe2fd09047e8fdb8b978f48ee"
interface_hash = "sha256:604a985dce961534bb724342ab11b981a3d304f8e55a175b0d9c3110d46f94a0"
review_hash = "sha256:9a488d2f6f5d95493e92a99016df4a83610138e5de22e6fb14821c97bf8119ee"
features = []

[metadata]
rss_version = "0.1.0"
created_by = "rsscript pkg"
