version = 1

[[package]]
name = "rss-async"
version = "0.1.0"
source = "path+packages/async"
checksum = "sha256:9119ffe44aa82304fc32fb445ed8e0b95dac71dc7328dc6c1dba47ca8dcde5c2"
interface_hash = "sha256:f2723baf4534b3d3185cc2380b247ef04a03c51b05641af2ce9da79f35231019"
review_hash = "sha256:9a488d2f6f5d95493e92a99016df4a83610138e5de22e6fb14821c97bf8119ee"
features = []

[metadata]
rss_version = "0.1.0"
created_by = "rsscript pkg"
