version = 1

[[package]]
name = "rss-async"
version = "0.1.0"
source = "path+packages/async"
checksum = "sha256:4136fe855fb733fb4cc5ec91ee7fc7d27bd5270ec28afe7459f86d2f4011fe8a"
interface_hash = "sha256:8c1c213ce2e4a3154700f9e0b718d259f64f0d33e2dffd4835ea78de43325686"
review_hash = "sha256:ff9db47986a72cb5baf74c4c38617871a459a8c9685b016d059b856b2e2be03b"
features = []

[metadata]
rss_version = "0.1.0"
created_by = "rsscript pkg"
