version = 1

[[package]]
name = "rss-async-runtime"
version = "0.1.0"
source = "path+rss/async-runtime"
checksum = "sha256:ac89b1719cbd2e94cd5692363c3edd22a5cfda3696d5b949e408984c56795dce"
interface_hash = "sha256:36e6897d97ac40f70744171504605f1905c435cb09b5957a6dbd3b3f47852a13"
review_hash = "sha256:0408dcb040095e552141e2b14676ac012e75204ae206eb07b0a849fd40bea4ee"
features = []

[metadata]
rss_version = "0.1.0"
created_by = "rsscript pkg"
