version = 1

[[package]]
name = "rss-core-cli"
version = "0.1.0"
source = "path+rss/core/cli"
checksum = "sha256:d8e00c918feac67c291e08a1d9278f1c6a350335df5c5feda0934331283aab80"
interface_hash = "sha256:4f052e08055a890f184a6077af38285c9fa7a70053ec687326f16c53fe8b269b"
review_hash = "sha256:02d674c35483eba36d71977d6804abf13b0157913849975119f27254c36caea7"
native_hash = "sha256:47065cff06d26a623783c647d734bf849fc83332f467c11fb9de30976e746f2e"
features = []

[metadata]
rss_version = "0.1.0"
created_by = "rsscript pkg lock"
