version = 1

[[package]]
name = "rss-rayon"
version = "0.1.0"
source = "path+packages/rayon"
checksum = "sha256:40893ec7110ebc620056d6abe3919bd8dc1db22a98f1c00d70e86c5ef102dc74"
interface_hash = "sha256:00451011114ebf08b1ce1505eeb6f35f5e7780a3b5fe1865464e6a25d91ab668"
review_hash = "sha256:500a3f4359adc46ed515ba5e590e1f54b59f5585947966447869a80994730d5a"
native_hash = "sha256:e45e376560d757ba25e33087bb76444398eeb1739d8d8a7bfbae1a84fae7f188"
features = []

[metadata]
rss_version = "0.1.0"
created_by = "rsscript pkg"
